
Microsoft Visual Studio Solution File, Format Version 12.00
# Visual Studio 2012
Project("{FAE04EC0-301F-11D3-BF4B-00C04F79EFBC}") = "NativeBehaviors.iOS", "NativeBehaviors.iOS\NativeBehaviors.iOS.csproj", "{8F6D6F6F-1EFC-4BE2-91B1-81C2D9B53459}"
EndProject
Project("{FAE04EC0-301F-11D3-BF4B-00C04F79EFBC}") = "NativeBehaviors.Android", "NativeBehaviors.Android\NativeBehaviors.Android.csproj", "{55F28F4B-9E30-4E94-924A-D64D1C15B2B8}"
EndProject
Project("{5DD5E4FA-CB73-4610-85AB-557B54E96AA9}") = "NativeBehaviors.NuGet", "NativeBehaviors.NuGet\NativeBehaviors.NuGet.nuproj", "{47DF4159-64C0-49AD-9807-5A4716932E85}"
EndProject
Project("{FAE04EC0-301F-11D3-BF4B-00C04F79EFBC}") = "NativeBehaviors.Portable", "NativeBehaviors.Portable\NativeBehaviors.Portable.csproj", "{62CA6B1E-3AF1-460D-B01B-77B5FE4249D8}"
EndProject
Global
	GlobalSection(SolutionConfigurationPlatforms) = preSolution
		Debug|Any CPU = Debug|Any CPU
		Release|Any CPU = Release|Any CPU
	EndGlobalSection
	GlobalSection(ProjectConfigurationPlatforms) = postSolution
		{8F6D6F6F-1EFC-4BE2-91B1-81C2D9B53459}.Debug|Any CPU.ActiveCfg = Debug|Any CPU
		{8F6D6F6F-1EFC-4BE2-91B1-81C2D9B53459}.Debug|Any CPU.Build.0 = Debug|Any CPU
		{8F6D6F6F-1EFC-4BE2-91B1-81C2D9B53459}.Release|Any CPU.ActiveCfg = Release|Any CPU
		{8F6D6F6F-1EFC-4BE2-91B1-81C2D9B53459}.Release|Any CPU.Build.0 = Release|Any CPU
		{55F28F4B-9E30-4E94-924A-D64D1C15B2B8}.Debug|Any CPU.ActiveCfg = Debug|Any CPU
		{55F28F4B-9E30-4E94-924A-D64D1C15B2B8}.Debug|Any CPU.Build.0 = Debug|Any CPU
		{55F28F4B-9E30-4E94-924A-D64D1C15B2B8}.Release|Any CPU.ActiveCfg = Release|Any CPU
		{55F28F4B-9E30-4E94-924A-D64D1C15B2B8}.Release|Any CPU.Build.0 = Release|Any CPU
		{47DF4159-64C0-49AD-9807-5A4716932E85}.Debug|Any CPU.ActiveCfg = Debug|Any CPU
		{47DF4159-64C0-49AD-9807-5A4716932E85}.Debug|Any CPU.Build.0 = Debug|Any CPU
		{47DF4159-64C0-49AD-9807-5A4716932E85}.Release|Any CPU.ActiveCfg = Release|Any CPU
		{47DF4159-64C0-49AD-9807-5A4716932E85}.Release|Any CPU.Build.0 = Release|Any CPU
		{62CA6B1E-3AF1-460D-B01B-77B5FE4249D8}.Debug|Any CPU.ActiveCfg = Debug|Any CPU
		{62CA6B1E-3AF1-460D-B01B-77B5FE4249D8}.Debug|Any CPU.Build.0 = Debug|Any CPU
		{62CA6B1E-3AF1-460D-B01B-77B5FE4249D8}.Release|Any CPU.ActiveCfg = Release|Any CPU
		{62CA6B1E-3AF1-460D-B01B-77B5FE4249D8}.Release|Any CPU.Build.0 = Release|Any CPU
	EndGlobalSection
EndGlobal
